# This file is automatically @generated by Poetry 1.8.3 and should not be changed by hand.

[[package]]
name = "av"
version = "12.3.0"
description = "Pythonic bindings for FFmpeg's libraries."
optional = false
python-versions = ">=3.8"
files = [
    {file = "av-12.3.0-cp310-cp310-macosx_10_13_x86_64.whl", hash = "sha256:b3b1fe6b5ab9af2d09dcdcc5473a3523f7162c3fa0c6b3c379b697fede1e88a5"},
    {file = "av-12.3.0-cp310-cp310-macosx_11_0_arm64.whl", hash = "sha256:b5f92ba67dca9bac8ce955b09d41e7e92977199adbd0f2aff02653bb40b0ac16"},
    {file = "av-12.3.0-cp310-cp310-manylinux_2_17_aarch64.manylinux2014_aarch64.whl", hash = "sha256:3389eebd1f5bb36ebfaa8441c65c14d7433b354d91f9dbb08a6e6225d16a7226"},
    {file = "av-12.3.0-cp310-cp310-manylinux_2_17_i686.manylinux2014_i686.whl", hash = "sha256:385b27638bc56fd1560be3b9e86b5cc843cae931503a02e6e504c0357176873e"},
    {file = "av-12.3.0-cp310-cp310-manylinux_2_17_x86_64.manylinux2014_x86_64.whl", hash = "sha256:0220fce2a62d71cc5e89617419b6224ddb43f1753b00f68b5c9af8b5f41d38c9"},
    {file = "av-12.3.0-cp310-cp310-win_amd64.whl", hash = "sha256:8328c90f783b3392279a2d3a79789267691f5e5f7c4a160990a41194d268ec59"},
    {file = "av-12.3.0-cp311-cp311-macosx_10_13_x86_64.whl", hash = "sha256:cc06a806419fddc7102150ffe353c7d96b99b95fd12864280c91c851603fd4cb"},
    {file = "av-12.3.0-cp311-cp311-macosx_11_0_arm64.whl", hash = "sha256:8e2130ff622a574d3d5d6e88ac335efcdd98c375bb341f87d9fe540830a746f5"},
    {file = "av-12.3.0-cp311-cp311-manylinux_2_17_aarch64.manylinux2014_aarch64.whl", hash = "sha256:8e8b9bd99f916ff4d1278654e94658e6ace7ca60f6321f254d09c8cd81d9095b"},
    {file = "av-12.3.0-cp311-cp311-manylinux_2_17_i686.manylinux2014_i686.whl", hash = "sha256:9e375d1d89a5c6edfd9f66701fdb6cc9161cc1ff99d15ff0bda21ee1ad38e9e0"},
    {file = "av-12.3.0-cp311-cp311-manylinux_2_17_x86_64.manylinux2014_x86_64.whl", hash = "sha256:ef9066fd8d86548e12d587cbfe7b852159e48ff3c732271c3032668d4bd7c599"},
    {file = "av-12.3.0-cp311-cp311-win_amd64.whl", hash = "sha256:bfaa9864560e43d45d254ed95f70ab1aab24a2fa0cc35ac99eef362f1453bec0"},
    {file = "av-12.3.0-cp312-cp312-macosx_10_13_x86_64.whl", hash = "sha256:5174e995772ebe33561980dca625f830aea8d39a4338728dedb41ae7dc2605af"},
    {file = "av-12.3.0-cp312-cp312-macosx_11_0_arm64.whl", hash = "sha256:028d8b40308536f740dace3efd0178eb96825b414897c9594fb74136532901cb"},
    {file = "av-12.3.0-cp312-cp312-manylinux_2_17_aarch64.manylinux2014_aarch64.whl", hash = "sha256:b030791ecc6185776d832d19ce196f61daf3e17e591a9bb6fd181280e1754138"},
    {file = "av-12.3.0-cp312-cp312-manylinux_2_17_i686.manylinux2014_i686.whl", hash = "sha256:a3703a35481fda5798a27bf6208c1ec3b61c18931625771fb3c9fd870539c7d7"},
    {file = "av-12.3.0-cp312-cp312-manylinux_2_17_x86_64.manylinux2014_x86_64.whl", hash = "sha256:32f3eef56b2df289db6105f9fe2ebc9a8134a8adbd62190daeb8e22c4ff47794"},
    {file = "av-12.3.0-cp312-cp312-win_amd64.whl", hash = "sha256:62d036ee8321d67190887012c3dbcd1ad83248603cc29ea75fbb75835b8d6e6e"},
    {file = "av-12.3.0-cp38-cp38-macosx_10_13_x86_64.whl", hash = "sha256:d04d908febe4673311cae47b3f43d1c4858177fb5028fd3bb1b9fb46291e9748"},
    {file = "av-12.3.0-cp38-cp38-macosx_11_0_arm64.whl", hash = "sha256:8f380ee818f28435daa5ffc10d7f6e3854f3019bafb210dea5977a7292ae2467"},
    {file = "av-12.3.0-cp38-cp38-manylinux_2_17_aarch64.manylinux2014_aarch64.whl", hash = "sha256:ebbfe391ee4d4d4dd1f8ec3969ced65362a811d3edb210933ce46c946f6e9263"},
    {file = "av-12.3.0-cp38-cp38-manylinux_2_17_i686.manylinux2014_i686.whl", hash = "sha256:20df6c5b71964adb05b353439f1e00b06e32526b2feaf1c5ff07a7a7f2feca38"},
    {file = "av-12.3.0-cp38-cp38-manylinux_2_17_x86_64.manylinux2014_x86_64.whl", hash = "sha256:f1a6512a12ace56d17ffb8a4909db724e2b6cc968ab8370ae75e7743387e86d1"},
    {file = "av-12.3.0-cp38-cp38-win_amd64.whl", hash = "sha256:7faadac791efee412f17309a3471d3a64f84a1761c3dfb360b8eda26dfc60f70"},
    {file = "av-12.3.0-cp39-cp39-macosx_10_13_x86_64.whl", hash = "sha256:6d29265257c1b6183d96c5e93ab563ecce029574d99b31d361eeb5bfcebe2a0b"},
    {file = "av-12.3.0-cp39-cp39-macosx_11_0_arm64.whl", hash = "sha256:508dd1d104bc1e4df18949ab4100e3d7bedf302e21ea417e8b91e2f9abfa0612"},
    {file = "av-12.3.0-cp39-cp39-manylinux_2_17_aarch64.manylinux2014_aarch64.whl", hash = "sha256:ecbf44b74490febb8ff3e5ca63c06c0e601f7633af6ec5308fe40431b3735ea1"},
    {file = "av-12.3.0-cp39-cp39-manylinux_2_17_i686.manylinux2014_i686.whl", hash = "sha256:5f97fa62d97f5aa5312fb85e45374b878c81b9cda2a210f61cfd43f269895786"},
    {file = "av-12.3.0-cp39-cp39-manylinux_2_17_x86_64.manylinux2014_x86_64.whl", hash = "sha256:01115c2b53585e26d6764e2aa66e7a0f0d7b4ab80f96e3dc931cc9029a69f975"},
    {file = "av-12.3.0-cp39-cp39-win_amd64.whl", hash = "sha256:410f49fa7f6d817b1a311b375fb9f8c7c8149607cb0f7ae82ec55dbf82ce85e8"},
    {file = "av-12.3.0-pp310-pypy310_pp73-macosx_10_15_x86_64.whl", hash = "sha256:e47ba817fcd46c9f2c94d638abcdeda120adedcd09605984a5cee844f739a833"},
    {file = "av-12.3.0-pp310-pypy310_pp73-macosx_11_0_arm64.whl", hash = "sha256:b456cbb7ddd252f0f2db06a09dc10ade201e82e0eb8d3a7b609689907b2802df"},
    {file = "av-12.3.0-pp310-pypy310_pp73-manylinux_2_17_aarch64.manylinux2014_aarch64.whl", hash = "sha256:50ccb92605d59732d2a2923786a5dba746a98c5fd6b4d30a5975785673c42c9e"},
    {file = "av-12.3.0-pp310-pypy310_pp73-manylinux_2_17_i686.manylinux2014_i686.whl", hash = "sha256:061b15203f22e95c60b1cc14702618acbf18e976cf3144298e2f6dc89b7aa993"},
    {file = "av-12.3.0-pp310-pypy310_pp73-manylinux_2_17_x86_64.manylinux2014_x86_64.whl", hash = "sha256:65849ca4e54f2d50ed263ab488ef051bd973cbdbe2a7c947b31ff965bb7bfddd"},
    {file = "av-12.3.0-pp310-pypy310_pp73-win_amd64.whl", hash = "sha256:18e915ca9001f9491cb4091fe6ca0744a48da20412be44f71bbfc641efbf518f"},
    {file = "av-12.3.0-pp38-pypy38_pp73-macosx_10_13_x86_64.whl", hash = "sha256:9b93e1e4d8f5f46f3d21970a2d06b06fef8e36e3fd3fd78c2fed7c8f6b46a89c"},
    {file = "av-12.3.0-pp38-pypy38_pp73-macosx_11_0_arm64.whl", hash = "sha256:bc38c84afd5d38a5d6429dd687f69b09b563bca52c44d8cc44acea1dd6035184"},
    {file = "av-12.3.0-pp38-pypy38_pp73-manylinux_2_17_aarch64.manylinux2014_aarch64.whl", hash = "sha256:bf0cc3c665365a7c5bc4bfa83ad6096660648060cbf411466e69692eba6dde9d"},
    {file = "av-12.3.0-pp38-pypy38_pp73-manylinux_2_17_i686.manylinux2014_i686.whl", hash = "sha256:126426897852e974781755209747ed7f9888ad3ef17fe274e0fe98fd5659568d"},
    {file = "av-12.3.0-pp38-pypy38_pp73-manylinux_2_17_x86_64.manylinux2014_x86_64.whl", hash = "sha256:e3bdcd36bccf2d62655a4429c84855f0c99da42529c1ac8da391d8efe83d0afe"},
    {file = "av-12.3.0-pp38-pypy38_pp73-win_amd64.whl", hash = "sha256:db313fce97b1c3bb50eb1f9483c705c0e51733b105a81c61c9d0946552185f2b"},
    {file = "av-12.3.0-pp39-pypy39_pp73-macosx_10_15_x86_64.whl", hash = "sha256:21303fa04cad5b21e6671d3ef54c80262be632efd79536ead8179f08529820c0"},
    {file = "av-12.3.0-pp39-pypy39_pp73-macosx_11_0_arm64.whl", hash = "sha256:b8bfaa314bc75d492acbe02592ea6bbcf8674776b645a941aeda00ebaf70c1a9"},
    {file = "av-12.3.0-pp39-pypy39_pp73-manylinux_2_17_aarch64.manylinux2014_aarch64.whl", hash = "sha256:2c0a34c2872a40daad6d9f43169caf977687b28c757dd49032797d2535c062db"},
    {file = "av-12.3.0-pp39-pypy39_pp73-manylinux_2_17_i686.manylinux2014_i686.whl", hash = "sha256:15d2348be3db7432774febca59c6c5b92f292c521b586cdffbe3da2c9f2bde59"},
    {file = "av-12.3.0-pp39-pypy39_pp73-manylinux_2_17_x86_64.manylinux2014_x86_64.whl", hash = "sha256:4d858cd2a34e21e373be0bc4b79e996c32b2bc92ab7494d4cd26f33370e045fd"},
    {file = "av-12.3.0-pp39-pypy39_pp73-win_amd64.whl", hash = "sha256:d39b24186794128da924e032f650a37f69ef2c7b10a66749426b655082d68a75"},
    {file = "av-12.3.0.tar.gz", hash = "sha256:04b1892562aff3277efc79f32bd8f1d0cbb64ed011241cb3e96f9ad471816c22"},
]

[[package]]
name = "cffi"
version = "1.17.0"
description = "Foreign Function Interface for Python calling C code."
optional = false
python-versions = ">=3.8"
files = [
    {file = "cffi-1.17.0-cp310-cp310-macosx_10_9_x86_64.whl", hash = "sha256:f9338cc05451f1942d0d8203ec2c346c830f8e86469903d5126c1f0a13a2bcbb"},
    {file = "cffi-1.17.0-cp310-cp310-macosx_11_0_arm64.whl", hash = "sha256:a0ce71725cacc9ebf839630772b07eeec220cbb5f03be1399e0457a1464f8e1a"},
    {file = "cffi-1.17.0-cp310-cp310-manylinux_2_12_i686.manylinux2010_i686.manylinux_2_17_i686.manylinux2014_i686.whl", hash = "sha256:c815270206f983309915a6844fe994b2fa47e5d05c4c4cef267c3b30e34dbe42"},
    {file = "cffi-1.17.0-cp310-cp310-manylinux_2_17_aarch64.manylinux2014_aarch64.whl", hash = "sha256:d6bdcd415ba87846fd317bee0774e412e8792832e7805938987e4ede1d13046d"},
    {file = "cffi-1.17.0-cp310-cp310-manylinux_2_17_ppc64le.manylinux2014_ppc64le.whl", hash = "sha256:8a98748ed1a1df4ee1d6f927e151ed6c1a09d5ec21684de879c7ea6aa96f58f2"},
    {file = "cffi-1.17.0-cp310-cp310-manylinux_2_17_s390x.manylinux2014_s390x.whl", hash = "sha256:0a048d4f6630113e54bb4b77e315e1ba32a5a31512c31a273807d0027a7e69ab"},
    {file = "cffi-1.17.0-cp310-cp310-manylinux_2_17_x86_64.manylinux2014_x86_64.whl", hash = "sha256:24aa705a5f5bd3a8bcfa4d123f03413de5d86e497435693b638cbffb7d5d8a1b"},
    {file = "cffi-1.17.0-cp310-cp310-musllinux_1_1_aarch64.whl", hash = "sha256:856bf0924d24e7f93b8aee12a3a1095c34085600aa805693fb7f5d1962393206"},
    {file = "cffi-1.17.0-cp310-cp310-musllinux_1_1_i686.whl", hash = "sha256:4304d4416ff032ed50ad6bb87416d802e67139e31c0bde4628f36a47a3164bfa"},
    {file = "cffi-1.17.0-cp310-cp310-musllinux_1_1_x86_64.whl", hash = "sha256:331ad15c39c9fe9186ceaf87203a9ecf5ae0ba2538c9e898e3a6967e8ad3db6f"},
    {file = "cffi-1.17.0-cp310-cp310-win32.whl", hash = "sha256:669b29a9eca6146465cc574659058ed949748f0809a2582d1f1a324eb91054dc"},
    {file = "cffi-1.17.0-cp310-cp310-win_amd64.whl", hash = "sha256:48b389b1fd5144603d61d752afd7167dfd205973a43151ae5045b35793232aa2"},
    {file = "cffi-1.17.0-cp311-cp311-macosx_10_9_x86_64.whl", hash = "sha256:c5d97162c196ce54af6700949ddf9409e9833ef1003b4741c2b39ef46f1d9720"},
    {file = "cffi-1.17.0-cp311-cp311-macosx_11_0_arm64.whl", hash = "sha256:5ba5c243f4004c750836f81606a9fcb7841f8874ad8f3bf204ff5e56332b72b9"},
    {file = "cffi-1.17.0-cp311-cp311-manylinux_2_12_i686.manylinux2010_i686.manylinux_2_17_i686.manylinux2014_i686.whl", hash = "sha256:bb9333f58fc3a2296fb1d54576138d4cf5d496a2cc118422bd77835e6ae0b9cb"},
    {file = "cffi-1.17.0-cp311-cp311-manylinux_2_17_aarch64.manylinux2014_aarch64.whl", hash = "sha256:435a22d00ec7d7ea533db494da8581b05977f9c37338c80bc86314bec2619424"},
    {file = "cffi-1.17.0-cp311-cp311-manylinux_2_17_ppc64le.manylinux2014_ppc64le.whl", hash = "sha256:d1df34588123fcc88c872f5acb6f74ae59e9d182a2707097f9e28275ec26a12d"},
    {file = "cffi-1.17.0-cp311-cp311-manylinux_2_17_s390x.manylinux2014_s390x.whl", hash = "sha256:df8bb0010fdd0a743b7542589223a2816bdde4d94bb5ad67884348fa2c1c67e8"},
    {file = "cffi-1.17.0-cp311-cp311-manylinux_2_17_x86_64.manylinux2014_x86_64.whl", hash = "sha256:a8b5b9712783415695663bd463990e2f00c6750562e6ad1d28e072a611c5f2a6"},
    {file = "cffi-1.17.0-cp311-cp311-musllinux_1_1_aarch64.whl", hash = "sha256:ffef8fd58a36fb5f1196919638f73dd3ae0db1a878982b27a9a5a176ede4ba91"},
    {file = "cffi-1.17.0-cp311-cp311-musllinux_1_1_i686.whl", hash = "sha256:4e67d26532bfd8b7f7c05d5a766d6f437b362c1bf203a3a5ce3593a645e870b8"},
    {file = "cffi-1.17.0-cp311-cp311-musllinux_1_1_x86_64.whl", hash = "sha256:45f7cd36186db767d803b1473b3c659d57a23b5fa491ad83c6d40f2af58e4dbb"},
    {file = "cffi-1.17.0-cp311-cp311-win32.whl", hash = "sha256:a9015f5b8af1bb6837a3fcb0cdf3b874fe3385ff6274e8b7925d81ccaec3c5c9"},
    {file = "cffi-1.17.0-cp311-cp311-win_amd64.whl", hash = "sha256:b50aaac7d05c2c26dfd50c3321199f019ba76bb650e346a6ef3616306eed67b0"},
    {file = "cffi-1.17.0-cp312-cp312-macosx_10_9_x86_64.whl", hash = "sha256:aec510255ce690d240f7cb23d7114f6b351c733a74c279a84def763660a2c3bc"},
    {file = "cffi-1.17.0-cp312-cp312-macosx_11_0_arm64.whl", hash = "sha256:2770bb0d5e3cc0e31e7318db06efcbcdb7b31bcb1a70086d3177692a02256f59"},
    {file = "cffi-1.17.0-cp312-cp312-manylinux_2_12_i686.manylinux2010_i686.manylinux_2_17_i686.manylinux2014_i686.whl", hash = "sha256:db9a30ec064129d605d0f1aedc93e00894b9334ec74ba9c6bdd08147434b33eb"},
    {file = "cffi-1.17.0-cp312-cp312-manylinux_2_17_aarch64.manylinux2014_aarch64.whl", hash = "sha256:a47eef975d2b8b721775a0fa286f50eab535b9d56c70a6e62842134cf7841195"},
    {file = "cffi-1.17.0-cp312-cp312-manylinux_2_17_ppc64le.manylinux2014_ppc64le.whl", hash = "sha256:f3e0992f23bbb0be00a921eae5363329253c3b86287db27092461c887b791e5e"},
    {file = "cffi-1.17.0-cp312-cp312-manylinux_2_17_s390x.manylinux2014_s390x.whl", hash = "sha256:6107e445faf057c118d5050560695e46d272e5301feffda3c41849641222a828"},
    {file = "cffi-1.17.0-cp312-cp312-manylinux_2_17_x86_64.manylinux2014_x86_64.whl", hash = "sha256:eb862356ee9391dc5a0b3cbc00f416b48c1b9a52d252d898e5b7696a5f9fe150"},
    {file = "cffi-1.17.0-cp312-cp312-musllinux_1_1_aarch64.whl", hash = "sha256:c1c13185b90bbd3f8b5963cd8ce7ad4ff441924c31e23c975cb150e27c2bf67a"},
    {file = "cffi-1.17.0-cp312-cp312-musllinux_1_1_x86_64.whl", hash = "sha256:17c6d6d3260c7f2d94f657e6872591fe8733872a86ed1345bda872cfc8c74885"},
    {file = "cffi-1.17.0-cp312-cp312-win32.whl", hash = "sha256:c3b8bd3133cd50f6b637bb4322822c94c5ce4bf0d724ed5ae70afce62187c492"},
    {file = "cffi-1.17.0-cp312-cp312-win_amd64.whl", hash = "sha256:dca802c8db0720ce1c49cce1149ff7b06e91ba15fa84b1d59144fef1a1bc7ac2"},
    {file = "cffi-1.17.0-cp313-cp313-macosx_10_13_x86_64.whl", hash = "sha256:6ce01337d23884b21c03869d2f68c5523d43174d4fc405490eb0091057943118"},
    {file = "cffi-1.17.0-cp313-cp313-macosx_11_0_arm64.whl", hash = "sha256:cab2eba3830bf4f6d91e2d6718e0e1c14a2f5ad1af68a89d24ace0c6b17cced7"},
    {file = "cffi-1.17.0-cp313-cp313-manylinux_2_12_i686.manylinux2010_i686.manylinux_2_17_i686.manylinux2014_i686.whl", hash = "sha256:14b9cbc8f7ac98a739558eb86fabc283d4d564dafed50216e7f7ee62d0d25377"},
    {file = "cffi-1.17.0-cp313-cp313-manylinux_2_17_aarch64.manylinux2014_aarch64.whl", hash = "sha256:b00e7bcd71caa0282cbe3c90966f738e2db91e64092a877c3ff7f19a1628fdcb"},
    {file = "cffi-1.17.0-cp313-cp313-manylinux_2_17_ppc64le.manylinux2014_ppc64le.whl", hash = "sha256:41f4915e09218744d8bae14759f983e466ab69b178de38066f7579892ff2a555"},
    {file = "cffi-1.17.0-cp313-cp313-manylinux_2_17_s390x.manylinux2014_s390x.whl", hash = "sha256:e4760a68cab57bfaa628938e9c2971137e05ce48e762a9cb53b76c9b569f1204"},
    {file = "cffi-1.17.0-cp313-cp313-manylinux_2_17_x86_64.manylinux2014_x86_64.whl", hash = "sha256:011aff3524d578a9412c8b3cfaa50f2c0bd78e03eb7af7aa5e0df59b158efb2f"},
    {file = "cffi-1.17.0-cp313-cp313-musllinux_1_1_aarch64.whl", hash = "sha256:a003ac9edc22d99ae1286b0875c460351f4e101f8c9d9d2576e78d7e048f64e0"},
    {file = "cffi-1.17.0-cp313-cp313-musllinux_1_1_x86_64.whl", hash = "sha256:ef9528915df81b8f4c7612b19b8628214c65c9b7f74db2e34a646a0a2a0da2d4"},
    {file = "cffi-1.17.0-cp313-cp313-win32.whl", hash = "sha256:70d2aa9fb00cf52034feac4b913181a6e10356019b18ef89bc7c12a283bf5f5a"},
    {file = "cffi-1.17.0-cp313-cp313-win_amd64.whl", hash = "sha256:b7b6ea9e36d32582cda3465f54c4b454f62f23cb083ebc7a94e2ca6ef011c3a7"},
    {file = "cffi-1.17.0-cp38-cp38-macosx_10_9_x86_64.whl", hash = "sha256:964823b2fc77b55355999ade496c54dde161c621cb1f6eac61dc30ed1b63cd4c"},
    {file = "cffi-1.17.0-cp38-cp38-manylinux_2_12_i686.manylinux2010_i686.manylinux_2_17_i686.manylinux2014_i686.whl", hash = "sha256:516a405f174fd3b88829eabfe4bb296ac602d6a0f68e0d64d5ac9456194a5b7e"},
    {file = "cffi-1.17.0-cp38-cp38-manylinux_2_17_aarch64.manylinux2014_aarch64.whl", hash = "sha256:dec6b307ce928e8e112a6bb9921a1cb00a0e14979bf28b98e084a4b8a742bd9b"},
    {file = "cffi-1.17.0-cp38-cp38-manylinux_2_17_ppc64le.manylinux2014_ppc64le.whl", hash = "sha256:e4094c7b464cf0a858e75cd14b03509e84789abf7b79f8537e6a72152109c76e"},
    {file = "cffi-1.17.0-cp38-cp38-manylinux_2_17_s390x.manylinux2014_s390x.whl", hash = "sha256:2404f3de742f47cb62d023f0ba7c5a916c9c653d5b368cc966382ae4e57da401"},
    {file = "cffi-1.17.0-cp38-cp38-manylinux_2_17_x86_64.manylinux2014_x86_64.whl", hash = "sha256:3aa9d43b02a0c681f0bfbc12d476d47b2b2b6a3f9287f11ee42989a268a1833c"},
    {file = "cffi-1.17.0-cp38-cp38-win32.whl", hash = "sha256:0bb15e7acf8ab35ca8b24b90af52c8b391690ef5c4aec3d31f38f0d37d2cc499"},
    {file = "cffi-1.17.0-cp38-cp38-win_amd64.whl", hash = "sha256:93a7350f6706b31f457c1457d3a3259ff9071a66f312ae64dc024f049055f72c"},
    {file = "cffi-1.17.0-cp39-cp39-macosx_10_9_x86_64.whl", hash = "sha256:1a2ddbac59dc3716bc79f27906c010406155031a1c801410f1bafff17ea304d2"},
    {file = "cffi-1.17.0-cp39-cp39-macosx_11_0_arm64.whl", hash = "sha256:6327b572f5770293fc062a7ec04160e89741e8552bf1c358d1a23eba68166759"},
    {file = "cffi-1.17.0-cp39-cp39-manylinux_2_12_i686.manylinux2010_i686.manylinux_2_17_i686.manylinux2014_i686.whl", hash = "sha256:dbc183e7bef690c9abe5ea67b7b60fdbca81aa8da43468287dae7b5c046107d4"},
    {file = "cffi-1.17.0-cp39-cp39-manylinux_2_17_aarch64.manylinux2014_aarch64.whl", hash = "sha256:5bdc0f1f610d067c70aa3737ed06e2726fd9d6f7bfee4a351f4c40b6831f4e82"},
    {file = "cffi-1.17.0-cp39-cp39-manylinux_2_17_ppc64le.manylinux2014_ppc64le.whl", hash = "sha256:6d872186c1617d143969defeadac5a904e6e374183e07977eedef9c07c8953bf"},
    {file = "cffi-1.17.0-cp39-cp39-manylinux_2_17_s390x.manylinux2014_s390x.whl", hash = "sha256:0d46ee4764b88b91f16661a8befc6bfb24806d885e27436fdc292ed7e6f6d058"},
    {file = "cffi-1.17.0-cp39-cp39-manylinux_2_17_x86_64.manylinux2014_x86_64.whl", hash = "sha256:6f76a90c345796c01d85e6332e81cab6d70de83b829cf1d9762d0a3da59c7932"},
    {file = "cffi-1.17.0-cp39-cp39-musllinux_1_1_aarch64.whl", hash = "sha256:0e60821d312f99d3e1569202518dddf10ae547e799d75aef3bca3a2d9e8ee693"},
    {file = "cffi-1.17.0-cp39-cp39-musllinux_1_1_i686.whl", hash = "sha256:eb09b82377233b902d4c3fbeeb7ad731cdab579c6c6fda1f763cd779139e47c3"},
    {file = "cffi-1.17.0-cp39-cp39-musllinux_1_1_x86_64.whl", hash = "sha256:24658baf6224d8f280e827f0a50c46ad819ec8ba380a42448e24459daf809cf4"},
    {file = "cffi-1.17.0-cp39-cp39-win32.whl", hash = "sha256:0fdacad9e0d9fc23e519efd5ea24a70348305e8d7d85ecbb1a5fa66dc834e7fb"},
    {file = "cffi-1.17.0-cp39-cp39-win_amd64.whl", hash = "sha256:7cbc78dc018596315d4e7841c8c3a7ae31cc4d638c9b627f87d52e8abaaf2d29"},
    {file = "cffi-1.17.0.tar.gz", hash = "sha256:f3157624b7558b914cb039fd1af735e5e8049a87c817cc215109ad1c8779df76"},
]

[package.dependencies]
pycparser = "*"

[[package]]
name = "ffmpeg-python"
version = "0.2.0"
description = "Python bindings for FFmpeg - with complex filtering support"
optional = false
python-versions = "*"
files = [
    {file = "ffmpeg-python-0.2.0.tar.gz", hash = "sha256:65225db34627c578ef0e11c8b1eb528bb35e024752f6f10b78c011f6f64c4127"},
    {file = "ffmpeg_python-0.2.0-py3-none-any.whl", hash = "sha256:ac441a0404e053f8b6a1113a77c0f452f1cfc62f6344a769475ffdc0f56c23c5"},
]

[package.dependencies]
future = "*"

[package.extras]
dev = ["Sphinx (==2.1.0)", "future (==0.17.1)", "numpy (==1.16.4)", "pytest (==4.6.1)", "pytest-mock (==1.10.4)", "tox (==3.12.1)"]

[[package]]
name = "future"
version = "1.0.0"
description = "Clean single-source support for Python 3 and 2"
optional = false
python-versions = ">=2.6, !=3.0.*, !=3.1.*, !=3.2.*"
files = [
    {file = "future-1.0.0-py3-none-any.whl", hash = "sha256:929292d34f5872e70396626ef385ec22355a1fae8ad29e1a734c3e43f9fbc216"},
    {file = "future-1.0.0.tar.gz", hash = "sha256:bd2968309307861edae1458a4f8a4f3598c03be43b97521076aebf5d94c07b05"},
]

[[package]]
name = "glfw"
version = "2.7.0"
description = "A ctypes-based wrapper for GLFW3."
optional = false
python-versions = "*"
files = [
    {file = "glfw-2.7.0-py2.py27.py3.py30.py31.py32.py33.py34.py35.py36.py37.py38-none-macosx_10_6_intel.whl", hash = "sha256:bd82849edcceda4e262bd1227afaa74b94f9f0731c1197863cd25c15bfc613fc"},
    {file = "glfw-2.7.0-py2.py27.py3.py30.py31.py32.py33.py34.py35.py36.py37.py38-none-macosx_11_0_arm64.whl", hash = "sha256:56ea163c964bb0bc336def2d6a6a1bd42f9db4b870ef834ac77d7b7ee68b8dfc"},
    {file = "glfw-2.7.0-py2.py27.py3.py30.py31.py32.py33.py34.py35.py36.py37.py38-none-manylinux2010_i686.whl", hash = "sha256:463aab9e5567c83d8120556b3a845807c60950ed0218fc1283368f46f5ece331"},
    {file = "glfw-2.7.0-py2.py27.py3.py30.py31.py32.py33.py34.py35.py36.py37.py38-none-manylinux2010_x86_64.whl", hash = "sha256:a6f54188dfc349e5426b0ada84843f6eb35a3811d8dbf57ae49c448e7d683bb4"},
    {file = "glfw-2.7.0-py2.py27.py3.py30.py31.py32.py33.py34.py35.py36.py37.py38-none-manylinux2014_aarch64.whl", hash = "sha256:e33568b0aba2045a3d7555f22fcf83fafcacc7c2fc4cb995741894ea51e43ab6"},
    {file = "glfw-2.7.0-py2.py27.py3.py30.py31.py32.py33.py34.py35.py36.py37.py38-none-manylinux2014_x86_64.whl", hash = "sha256:d8630dd9673860c427abde5b79bbc348e02eccde8a3f2a802c5a2a4fb5d79fb8"},
    {file = "glfw-2.7.0-py2.py27.py3.py30.py31.py32.py33.py34.py35.py36.py37.py38-none-win32.whl", hash = "sha256:ff92d14ac1c7afa9c5deb495c335b485868709880e6e080e99ace7026d74c756"},
    {file = "glfw-2.7.0-py2.py27.py3.py30.py31.py32.py33.py34.py35.py36.py37.py38-none-win_amd64.whl", hash = "sha256:20d4b31a5a6a61fb787b25f8408204e0e248313cc500953071d13d30a2e5cc9d"},
    {file = "glfw-2.7.0.tar.gz", hash = "sha256:0e209ad38fa8c5be67ca590d7b17533d95ad1eb57d0a3f07b98131db69b79000"},
]

[package.extras]
preview = ["glfw-preview"]

[[package]]
name = "numpy"
version = "2.0.1"
description = "Fundamental package for array computing in Python"
optional = false
python-versions = ">=3.9"
files = [
    {file = "numpy-2.0.1-cp310-cp310-macosx_10_9_x86_64.whl", hash = "sha256:0fbb536eac80e27a2793ffd787895242b7f18ef792563d742c2d673bfcb75134"},
    {file = "numpy-2.0.1-cp310-cp310-macosx_11_0_arm64.whl", hash = "sha256:69ff563d43c69b1baba77af455dd0a839df8d25e8590e79c90fcbe1499ebde42"},
    {file = "numpy-2.0.1-cp310-cp310-macosx_14_0_arm64.whl", hash = "sha256:1b902ce0e0a5bb7704556a217c4f63a7974f8f43e090aff03fcf262e0b135e02"},
    {file = "numpy-2.0.1-cp310-cp310-macosx_14_0_x86_64.whl", hash = "sha256:f1659887361a7151f89e79b276ed8dff3d75877df906328f14d8bb40bb4f5101"},
    {file = "numpy-2.0.1-cp310-cp310-manylinux_2_17_aarch64.manylinux2014_aarch64.whl", hash = "sha256:4658c398d65d1b25e1760de3157011a80375da861709abd7cef3bad65d6543f9"},
    {file = "numpy-2.0.1-cp310-cp310-manylinux_2_17_x86_64.manylinux2014_x86_64.whl", hash = "sha256:4127d4303b9ac9f94ca0441138acead39928938660ca58329fe156f84b9f3015"},
    {file = "numpy-2.0.1-cp310-cp310-musllinux_1_1_x86_64.whl", hash = "sha256:e5eeca8067ad04bc8a2a8731183d51d7cbaac66d86085d5f4766ee6bf19c7f87"},
    {file = "numpy-2.0.1-cp310-cp310-musllinux_1_2_aarch64.whl", hash = "sha256:9adbd9bb520c866e1bfd7e10e1880a1f7749f1f6e5017686a5fbb9b72cf69f82"},
    {file = "numpy-2.0.1-cp310-cp310-win32.whl", hash = "sha256:7b9853803278db3bdcc6cd5beca37815b133e9e77ff3d4733c247414e78eb8d1"},
    {file = "numpy-2.0.1-cp310-cp310-win_amd64.whl", hash = "sha256:81b0893a39bc5b865b8bf89e9ad7807e16717f19868e9d234bdaf9b1f1393868"},
    {file = "numpy-2.0.1-cp311-cp311-macosx_10_9_x86_64.whl", hash = "sha256:75b4e316c5902d8163ef9d423b1c3f2f6252226d1aa5cd8a0a03a7d01ffc6268"},
    {file = "numpy-2.0.1-cp311-cp311-macosx_11_0_arm64.whl", hash = "sha256:6e4eeb6eb2fced786e32e6d8df9e755ce5be920d17f7ce00bc38fcde8ccdbf9e"},
    {file = "numpy-2.0.1-cp311-cp311-macosx_14_0_arm64.whl", hash = "sha256:a1e01dcaab205fbece13c1410253a9eea1b1c9b61d237b6fa59bcc46e8e89343"},
    {file = "numpy-2.0.1-cp311-cp311-macosx_14_0_x86_64.whl", hash = "sha256:a8fc2de81ad835d999113ddf87d1ea2b0f4704cbd947c948d2f5513deafe5a7b"},
    {file = "numpy-2.0.1-cp311-cp311-manylinux_2_17_aarch64.manylinux2014_aarch64.whl", hash = "sha256:5a3d94942c331dd4e0e1147f7a8699a4aa47dffc11bf8a1523c12af8b2e91bbe"},
    {file = "numpy-2.0.1-cp311-cp311-manylinux_2_17_x86_64.manylinux2014_x86_64.whl", hash = "sha256:15eb4eca47d36ec3f78cde0a3a2ee24cf05ca7396ef808dda2c0ddad7c2bde67"},
    {file = "numpy-2.0.1-cp311-cp311-musllinux_1_1_x86_64.whl", hash = "sha256:b83e16a5511d1b1f8a88cbabb1a6f6a499f82c062a4251892d9ad5d609863fb7"},
    {file = "numpy-2.0.1-cp311-cp311-musllinux_1_2_aarch64.whl", hash = "sha256:1f87fec1f9bc1efd23f4227becff04bd0e979e23ca50cc92ec88b38489db3b55"},
    {file = "numpy-2.0.1-cp311-cp311-win32.whl", hash = "sha256:36d3a9405fd7c511804dc56fc32974fa5533bdeb3cd1604d6b8ff1d292b819c4"},
    {file = "numpy-2.0.1-cp311-cp311-win_amd64.whl", hash = "sha256:08458fbf403bff5e2b45f08eda195d4b0c9b35682311da5a5a0a0925b11b9bd8"},
    {file = "numpy-2.0.1-cp312-cp312-macosx_10_9_x86_64.whl", hash = "sha256:6bf4e6f4a2a2e26655717a1983ef6324f2664d7011f6ef7482e8c0b3d51e82ac"},
    {file = "numpy-2.0.1-cp312-cp312-macosx_11_0_arm64.whl", hash = "sha256:7d6fddc5fe258d3328cd8e3d7d3e02234c5d70e01ebe377a6ab92adb14039cb4"},
    {file = "numpy-2.0.1-cp312-cp312-macosx_14_0_arm64.whl", hash = "sha256:5daab361be6ddeb299a918a7c0864fa8618af66019138263247af405018b04e1"},
    {file = "numpy-2.0.1-cp312-cp312-macosx_14_0_x86_64.whl", hash = "sha256:ea2326a4dca88e4a274ba3a4405eb6c6467d3ffbd8c7d38632502eaae3820587"},
    {file = "numpy-2.0.1-cp312-cp312-manylinux_2_17_aarch64.manylinux2014_aarch64.whl", hash = "sha256:529af13c5f4b7a932fb0e1911d3a75da204eff023ee5e0e79c1751564221a5c8"},
    {file = "numpy-2.0.1-cp312-cp312-manylinux_2_17_x86_64.manylinux2014_x86_64.whl", hash = "sha256:6790654cb13eab303d8402354fabd47472b24635700f631f041bd0b65e37298a"},
    {file = "numpy-2.0.1-cp312-cp312-musllinux_1_1_x86_64.whl", hash = "sha256:cbab9fc9c391700e3e1287666dfd82d8666d10e69a6c4a09ab97574c0b7ee0a7"},
    {file = "numpy-2.0.1-cp312-cp312-musllinux_1_2_aarch64.whl", hash = "sha256:99d0d92a5e3613c33a5f01db206a33f8fdf3d71f2912b0de1739894668b7a93b"},
    {file = "numpy-2.0.1-cp312-cp312-win32.whl", hash = "sha256:173a00b9995f73b79eb0191129f2455f1e34c203f559dd118636858cc452a1bf"},
    {file = "numpy-2.0.1-cp312-cp312-win_amd64.whl", hash = "sha256:bb2124fdc6e62baae159ebcfa368708867eb56806804d005860b6007388df171"},
    {file = "numpy-2.0.1-cp39-cp39-macosx_10_9_x86_64.whl", hash = "sha256:bfc085b28d62ff4009364e7ca34b80a9a080cbd97c2c0630bb5f7f770dae9414"},
    {file = "numpy-2.0.1-cp39-cp39-macosx_11_0_arm64.whl", hash = "sha256:8fae4ebbf95a179c1156fab0b142b74e4ba4204c87bde8d3d8b6f9c34c5825ef"},
    {file = "numpy-2.0.1-cp39-cp39-macosx_14_0_arm64.whl", hash = "sha256:72dc22e9ec8f6eaa206deb1b1355eb2e253899d7347f5e2fae5f0af613741d06"},
    {file = "numpy-2.0.1-cp39-cp39-macosx_14_0_x86_64.whl", hash = "sha256:ec87f5f8aca726117a1c9b7083e7656a9d0d606eec7299cc067bb83d26f16e0c"},
    {file = "numpy-2.0.1-cp39-cp39-manylinux_2_17_aarch64.manylinux2014_aarch64.whl", hash = "sha256:1f682ea61a88479d9498bf2091fdcd722b090724b08b31d63e022adc063bad59"},
    {file = "numpy-2.0.1-cp39-cp39-manylinux_2_17_x86_64.manylinux2014_x86_64.whl", hash = "sha256:8efc84f01c1cd7e34b3fb310183e72fcdf55293ee736d679b6d35b35d80bba26"},
    {file = "numpy-2.0.1-cp39-cp39-musllinux_1_1_x86_64.whl", hash = "sha256:3fdabe3e2a52bc4eff8dc7a5044342f8bd9f11ef0934fcd3289a788c0eb10018"},
    {file = "numpy-2.0.1-cp39-cp39-musllinux_1_2_aarch64.whl", hash = "sha256:24a0e1befbfa14615b49ba9659d3d8818a0f4d8a1c5822af8696706fbda7310c"},
    {file = "numpy-2.0.1-cp39-cp39-win32.whl", hash = "sha256:f9cf5ea551aec449206954b075db819f52adc1638d46a6738253a712d553c7b4"},
    {file = "numpy-2.0.1-cp39-cp39-win_amd64.whl", hash = "sha256:e9e81fa9017eaa416c056e5d9e71be93d05e2c3c2ab308d23307a8bc4443c368"},
    {file = "numpy-2.0.1-pp39-pypy39_pp73-macosx_10_9_x86_64.whl", hash = "sha256:61728fba1e464f789b11deb78a57805c70b2ed02343560456190d0501ba37b0f"},
    {file = "numpy-2.0.1-pp39-pypy39_pp73-macosx_14_0_x86_64.whl", hash = "sha256:12f5d865d60fb9734e60a60f1d5afa6d962d8d4467c120a1c0cda6eb2964437d"},
    {file = "numpy-2.0.1-pp39-pypy39_pp73-manylinux_2_17_x86_64.manylinux2014_x86_64.whl", hash = "sha256:eacf3291e263d5a67d8c1a581a8ebbcfd6447204ef58828caf69a5e3e8c75990"},
    {file = "numpy-2.0.1-pp39-pypy39_pp73-win_amd64.whl", hash = "sha256:2c3a346ae20cfd80b6cfd3e60dc179963ef2ea58da5ec074fd3d9e7a1e7ba97f"},
    {file = "numpy-2.0.1.tar.gz", hash = "sha256:485b87235796410c3519a699cfe1faab097e509e90ebb05dcd098db2ae87e7b3"},
]

[[package]]
name = "pybind11"
version = "2.13.1"
description = "Seamless operability between C++11 and Python"
optional = false
python-versions = ">=3.7"
files = [
    {file = "pybind11-2.13.1-py3-none-any.whl", hash = "sha256:97881536abe0cd4260a9ccc5bf6d1cf3113318f08af1feb82d4b9f95e93f0aa4"},
    {file = "pybind11-2.13.1.tar.gz", hash = "sha256:65be498b1cac516161add1508e65375674916bebf2570d057dc9c3c7bcbbc7b0"},
]

[package.extras]
global = ["pybind11-global (==2.13.1)"]

[[package]]
name = "pycparser"
version = "2.22"
description = "C parser in Python"
optional = false
python-versions = ">=3.8"
files = [
    {file = "pycparser-2.22-py3-none-any.whl", hash = "sha256:c3702b6d3dd8c7abc1afa565d7e63d53a1d0bd86cdc24edd75470f4de499cfcc"},
    {file = "pycparser-2.22.tar.gz", hash = "sha256:491c8be9c040f5390f5bf44a5b07752bd07f56edf992381b05c701439eec10f6"},
]

[[package]]
name = "pyfftw"
version = "0.14.0"
description = "A pythonic wrapper around FFTW, the FFT library, presenting a unified interface for all the supported transforms."
optional = false
python-versions = ">=3.9"
files = [
    {file = "pyFFTW-0.14.0-cp310-cp310-macosx_12_0_x86_64.whl", hash = "sha256:0875da4116c5b85a9df9533d4d4b35c4f408c57b0103ad26fb5e5cc845b40923"},
    {file = "pyFFTW-0.14.0-cp310-cp310-macosx_14_0_arm64.whl", hash = "sha256:d94cd827c8716f3c75b8f2947d2289fbd551e039f2bba970633357e9905ddbb7"},
    {file = "pyFFTW-0.14.0-cp310-cp310-manylinux_2_28_aarch64.whl", hash = "sha256:ebecbbb38e2e13654782e344d9490e5bee9e9e83e45539192aa086f9600afce3"},
    {file = "pyFFTW-0.14.0-cp310-cp310-manylinux_2_28_x86_64.whl", hash = "sha256:78e25340a9d36a78d657d5d758f658e8a29563760c19d25eb075399d03dad8ea"},
    {file = "pyFFTW-0.14.0-cp310-cp310-win32.whl", hash = "sha256:7cd13afbc2e8afdcca5775de2e1d5a56175869899eff1a141aef8897144565f8"},
    {file = "pyFFTW-0.14.0-cp310-cp310-win_amd64.whl", hash = "sha256:65aecb2e96316e405dc994affc7228b8ab3d387645257b741e69d48df51a975a"},
    {file = "pyFFTW-0.14.0-cp311-cp311-macosx_12_0_x86_64.whl", hash = "sha256:72ca73b50a9015e4e5370b4fbab36e48db23129ba2728936fc4420d4cf94af60"},
    {file = "pyFFTW-0.14.0-cp311-cp311-macosx_14_0_arm64.whl", hash = "sha256:9b4113a8810a3375adc30d9e94c257530efd715f633faffddab51723406a311f"},
    {file = "pyFFTW-0.14.0-cp311-cp311-manylinux_2_28_aarch64.whl", hash = "sha256:e8eb372a3f8f6786239e6ee253c16898ff76be339be40d2192ec5802e02d59e5"},
    {file = "pyFFTW-0.14.0-cp311-cp311-manylinux_2_28_x86_64.whl", hash = "sha256:ffbcdb49d4d961ff703b889208838ded0b47f3df36ff205358a737e525815962"},
    {file = "pyFFTW-0.14.0-cp311-cp311-win32.whl", hash = "sha256:fa3425d216bc83e51d81526f232ad9027e9cbc7247b7017f44b59f5889ea50e8"},
    {file = "pyFFTW-0.14.0-cp311-cp311-win_amd64.whl", hash = "sha256:1ac9768f2a9fdbe18bbb63185c71d78097ee7df7f7e321b22c1faf540f7176e1"},
    {file = "pyFFTW-0.14.0-cp312-cp312-macosx_12_0_x86_64.whl", hash = "sha256:fd1eb00d286d5d6e852b472b661e99151bea1444c55c6a40fca9f9b97d437484"},
    {file = "pyFFTW-0.14.0-cp312-cp312-macosx_14_0_arm64.whl", hash = "sha256:533819b1145c92fa33b16ecdd7f234c3ea62d2cc0c1da35cd3beee4695286435"},
    {file = "pyFFTW-0.14.0-cp312-cp312-manylinux_2_28_aarch64.whl", hash = "sha256:69ca338d5c2e519c1ed9c5ecbafa8508d0c35fe38d0aa08ca665c4fb7206b28e"},
    {file = "pyFFTW-0.14.0-cp312-cp312-manylinux_2_28_x86_64.whl", hash = "sha256:2ca9aa7f76c9dd7f4813c8975359f2a655a4132b93f08176ff70376a3d7edc59"},
    {file = "pyFFTW-0.14.0-cp312-cp312-win32.whl", hash = "sha256:66d000b6bd7d6de5f1e53cc590481789293812ef9283493211fe677b7fd0aabf"},
    {file = "pyFFTW-0.14.0-cp312-cp312-win_amd64.whl", hash = "sha256:c961044f12282a7267db40b279cee86ace97e1d05a4bbec9e01a646ccdd400fb"},
    {file = "pyFFTW-0.14.0-cp39-cp39-macosx_12_0_x86_64.whl", hash = "sha256:c3be6188ba0441d963333df7db29e661b324d870156d8f81efe9003ad447ed9b"},
    {file = "pyFFTW-0.14.0-cp39-cp39-macosx_14_0_arm64.whl", hash = "sha256:72aa2bf213e68e69755dcd3ef76cb05ac9fc82960c51fff902af8f01240564a4"},
    {file = "pyFFTW-0.14.0-cp39-cp39-manylinux_2_28_aarch64.whl", hash = "sha256:76a82f3502a3c3d0f9d3919f488afe5e948eb0e614b097dc9f3a347e3eeaf967"},
    {file = "pyFFTW-0.14.0-cp39-cp39-manylinux_2_28_x86_64.whl", hash = "sha256:0889c3fa9acbf5f9b9b5dac7d8352ee11f9aaba91e3bfa3cd5d4c236e49ca940"},
    {file = "pyFFTW-0.14.0-cp39-cp39-win32.whl", hash = "sha256:6d4f70fbf5ed298cf946614770206ff16abefc34df1e92ba21bed5d3df5b1c80"},
    {file = "pyFFTW-0.14.0-cp39-cp39-win_amd64.whl", hash = "sha256:14c3547eeb22a897aedc0e4c4654dde52d8564ecee9f8b5664900974e4e8c006"},
    {file = "pyFFTW-0.14.0-pp39-pypy39_pp73-macosx_12_0_x86_64.whl", hash = "sha256:5631d8a5b74437d3dd8b39eb019b4bf269193726f9a5da33e64bb1d2856040d5"},
    {file = "pyFFTW-0.14.0-pp39-pypy39_pp73-macosx_14_0_arm64.whl", hash = "sha256:348eef83dadc46bf3132a6fd39b3bf3794b417fb7e4938027d988e94f85ef026"},
    {file = "pyFFTW-0.14.0-pp39-pypy39_pp73-manylinux_2_28_x86_64.whl", hash = "sha256:7a317ce8059d35fb5076dc7575d67eca664f9fcd834320ea05982c463bd4e9fc"},
    {file = "pyFFTW-0.14.0-pp39-pypy39_pp73-win_amd64.whl", hash = "sha256:4ab9f5cd4103683d9631f149c7df0c9be5841b1bd157cb1c94618269283a8f46"},
    {file = "pyfftw-0.14.0.tar.gz", hash = "sha256:a55f94d3da9b5c04de1bc96932a93f922910f3984557931356173a515277b65b"},
]

[package.dependencies]
numpy = ">=1.20"
setuptools = ">=70.1.1"

[package.extras]
dask = ["dask[array] (>=1.0)", "numpy (>=1.20)"]
scipy = ["scipy (>=1.8.0)"]

[[package]]
name = "setuptools"
version = "72.1.0"
description = "Easily download, build, install, upgrade, and uninstall Python packages"
optional = false
python-versions = ">=3.8"
files = [
    {file = "setuptools-72.1.0-py3-none-any.whl", hash = "sha256:5a03e1860cf56bb6ef48ce186b0e557fdba433237481a9a625176c2831be15d1"},
    {file = "setuptools-72.1.0.tar.gz", hash = "sha256:8d243eff56d095e5817f796ede6ae32941278f542e0f941867cc05ae52b162ec"},
]

[package.extras]
core = ["importlib-metadata (>=6)", "importlib-resources (>=5.10.2)", "jaraco.text (>=3.7)", "more-itertools (>=8.8)", "ordered-set (>=3.1.1)", "packaging (>=24)", "platformdirs (>=2.6.2)", "tomli (>=2.0.1)", "wheel (>=0.43.0)"]
doc = ["furo", "jaraco.packaging (>=9.3)", "jaraco.tidelift (>=1.4)", "pygments-github-lexers (==0.0.5)", "pyproject-hooks (!=1.1)", "rst.linker (>=1.9)", "sphinx (>=3.5)", "sphinx-favicon", "sphinx-inline-tabs", "sphinx-lint", "sphinx-notfound-page (>=1,<2)", "sphinx-reredirects", "sphinxcontrib-towncrier"]
test = ["build[virtualenv] (>=1.0.3)", "filelock (>=3.4.0)", "importlib-metadata", "ini2toml[lite] (>=0.14)", "jaraco.develop (>=7.21)", "jaraco.envs (>=2.2)", "jaraco.path (>=3.2.0)", "jaraco.test", "mypy (==1.11.*)", "packaging (>=23.2)", "pip (>=19.1)", "pyproject-hooks (!=1.1)", "pytest (>=6,!=8.1.*)", "pytest-checkdocs (>=2.4)", "pytest-cov", "pytest-enabler (>=2.2)", "pytest-home (>=0.5)", "pytest-mypy", "pytest-perf", "pytest-ruff (<0.4)", "pytest-ruff (>=0.2.1)", "pytest-ruff (>=0.3.2)", "pytest-subprocess", "pytest-timeout", "pytest-xdist (>=3)", "tomli", "tomli-w (>=1.0.0)", "virtualenv (>=13.0.0)", "wheel"]

[[package]]
name = "skia-python"
version = "87.6"
description = "Skia python binding"
optional = false
python-versions = "*"
files = [
    {file = "skia_python-87.6-cp310-cp310-macosx_10_9_x86_64.whl", hash = "sha256:b90602d4d4944e7c3a9dcdd2ba6ff8a236f0c5368cbb02c5d0a4b2e66b0a80f5"},
    {file = "skia_python-87.6-cp310-cp310-macosx_11_0_arm64.whl", hash = "sha256:96a1183f760ae58a1d8dff3699d9bd133d3a107909188431e0b7adc799baedc3"},
    {file = "skia_python-87.6-cp310-cp310-manylinux_2_17_aarch64.manylinux2014_aarch64.whl", hash = "sha256:6bb0897acd817c539e4545688eb3094cf0c17083d2cac1a9488e8d18881dc83b"},
    {file = "skia_python-87.6-cp310-cp310-manylinux_2_17_x86_64.manylinux2014_x86_64.whl", hash = "sha256:d1760854610dfb8ed282bf932433d36b8f9c3a31d96f3144d2ef0e1cb5035436"},
    {file = "skia_python-87.6-cp310-cp310-win_amd64.whl", hash = "sha256:2e2d314e50eb4123ddf005d199e7c83771d1541f1f2e70eb1be93facbe90e981"},
    {file = "skia_python-87.6-cp311-cp311-macosx_10_9_x86_64.whl", hash = "sha256:9a23c3aebcf4f58038b8cdee0439fcd1dd4bd007f3e959bbf0abbce8628d405d"},
    {file = "skia_python-87.6-cp311-cp311-macosx_11_0_arm64.whl", hash = "sha256:1945a606a6a8316a43ea2fab5ad65c580bf02f26fe527e5212bab817b459a1d1"},
    {file = "skia_python-87.6-cp311-cp311-manylinux_2_17_aarch64.manylinux2014_aarch64.whl", hash = "sha256:78c7d4f67f18f37efb33b884c7cd8d039167bcca1ebb44e772f3b223171729c2"},
    {file = "skia_python-87.6-cp311-cp311-manylinux_2_17_x86_64.manylinux2014_x86_64.whl", hash = "sha256:29ec53433fcb485bb0769eb71828c792f6bc6ebb31de326e93ea55980b895168"},
    {file = "skia_python-87.6-cp311-cp311-win_amd64.whl", hash = "sha256:7f25734f55ab9c830d8de0301b55080f5930366b22eaf258eeb532108ee7a30f"},
    {file = "skia_python-87.6-cp312-cp312-macosx_10_9_x86_64.whl", hash = "sha256:ed97cb66397d70a87a86eca0a56695b34634b54628974cc9fe4ec33c6006eec8"},
    {file = "skia_python-87.6-cp312-cp312-macosx_11_0_arm64.whl", hash = "sha256:5bd431b2571601da877275dc1b8f369ffcbaed15fe6a49c745faed0d4d53f2a7"},
    {file = "skia_python-87.6-cp312-cp312-manylinux_2_17_aarch64.manylinux2014_aarch64.whl", hash = "sha256:099b45e9739825a0ed656a4c48d0587ef339262de28fefe5ba28e31bd6eab771"},
    {file = "skia_python-87.6-cp312-cp312-manylinux_2_17_x86_64.manylinux2014_x86_64.whl", hash = "sha256:b4797d81f053c9147e8c5006192083ad265d17f5f093b9bac5f0f0c166a78c0c"},
    {file = "skia_python-87.6-cp312-cp312-win_amd64.whl", hash = "sha256:e18e6b2fc7efde3a53c5a5ba49a88e083d0eac9ea78e3fbbfe5b61e9e6df0fed"},
    {file = "skia_python-87.6-cp38-cp38-macosx_10_9_x86_64.whl", hash = "sha256:e2635e00e5541854d7cd5a2f7301f40a159afd9377a943ae277ebf181e163faf"},
    {file = "skia_python-87.6-cp38-cp38-macosx_11_0_arm64.whl", hash = "sha256:3178ef7ec554f0ac248d29be5b5362eb731eb05dae649a8d30551afb91068a50"},
    {file = "skia_python-87.6-cp38-cp38-manylinux_2_17_aarch64.manylinux2014_aarch64.whl", hash = "sha256:c273e30558a805ab6e5a3b1270ef60a7780784a0db7258cf08cd34e08d0b6084"},
    {file = "skia_python-87.6-cp38-cp38-manylinux_2_17_x86_64.manylinux2014_x86_64.whl", hash = "sha256:6b2b6604adfd5a33ac3cebe31572eb71b71a5faa384091fe873fc3589e62c5eb"},
    {file = "skia_python-87.6-cp38-cp38-win_amd64.whl", hash = "sha256:c523369bb86d2db691883e571066c468c3471e013cddbaa0668ff3bbe044b4d0"},
    {file = "skia_python-87.6-cp39-cp39-macosx_10_9_x86_64.whl", hash = "sha256:d0b72bb375998e9c2390d3b3d000454d86b7852c17f7955fd21983d6f6e60aa0"},
    {file = "skia_python-87.6-cp39-cp39-macosx_11_0_arm64.whl", hash = "sha256:939dc2755d2db4ca8cca01d8b868d2f16589d911e6f7d556d7751311b735efa5"},
    {file = "skia_python-87.6-cp39-cp39-manylinux_2_17_aarch64.manylinux2014_aarch64.whl", hash = "sha256:48ab551bc2115db73b82596d230110e2b47bdcd75d216c541bd88144a1b6c99e"},
    {file = "skia_python-87.6-cp39-cp39-manylinux_2_17_x86_64.manylinux2014_x86_64.whl", hash = "sha256:75e1894084e1395a5feb03d9c0d21bca1b737b7fd18f14e1cef4da87ec6a6ed5"},
    {file = "skia_python-87.6-cp39-cp39-win_amd64.whl", hash = "sha256:4c20cb3679bcbb72661ef8d397ddc7547d60f4af2016b7a02a6b153b0041f92c"},
]

[package.dependencies]
numpy = "*"
pybind11 = ">=2.6"

[[package]]
name = "soundfile"
version = "0.12.1"
description = "An audio library based on libsndfile, CFFI and NumPy"
optional = false
python-versions = "*"
files = [
    {file = "soundfile-0.12.1-py2.py3-none-any.whl", hash = "sha256:828a79c2e75abab5359f780c81dccd4953c45a2c4cd4f05ba3e233ddf984b882"},
    {file = "soundfile-0.12.1-py2.py3-none-macosx_10_9_x86_64.whl", hash = "sha256:d922be1563ce17a69582a352a86f28ed8c9f6a8bc951df63476ffc310c064bfa"},
    {file = "soundfile-0.12.1-py2.py3-none-macosx_11_0_arm64.whl", hash = "sha256:bceaab5c4febb11ea0554566784bcf4bc2e3977b53946dda2b12804b4fe524a8"},
    {file = "soundfile-0.12.1-py2.py3-none-manylinux_2_17_x86_64.whl", hash = "sha256:2dc3685bed7187c072a46ab4ffddd38cef7de9ae5eb05c03df2ad569cf4dacbc"},
    {file = "soundfile-0.12.1-py2.py3-none-manylinux_2_31_x86_64.whl", hash = "sha256:074247b771a181859d2bc1f98b5ebf6d5153d2c397b86ee9e29ba602a8dfe2a6"},
    {file = "soundfile-0.12.1-py2.py3-none-win32.whl", hash = "sha256:59dfd88c79b48f441bbf6994142a19ab1de3b9bb7c12863402c2bc621e49091a"},
    {file = "soundfile-0.12.1-py2.py3-none-win_amd64.whl", hash = "sha256:0d86924c00b62552b650ddd28af426e3ff2d4dc2e9047dae5b3d8452e0a49a77"},
    {file = "soundfile-0.12.1.tar.gz", hash = "sha256:e8e1017b2cf1dda767aef19d2fd9ee5ebe07e050d430f77a0a7c66ba08b8cdae"},
]

[package.dependencies]
cffi = ">=1.0"

[package.extras]
numpy = ["numpy"]

[metadata]
lock-version = "2.0"
python-versions = "^3.12"
content-hash = "56a0bea7043476fb8a7476d4d51d50d7a71882e09421f35333699f465893e75a"
